
Microsoft Visual Studio Solution File, Format Version 12.00
# Visual Studio 15
VisualStudioVersion = 15.0.28307.572
MinimumVisualStudioVersion = 10.0.40219.1
Project("{FAE04EC0-301F-11D3-BF4B-00C04F79EFBC}") = "BlankApp1", "BlankApp1\BlankApp1.csproj", "{A5B0D37A-5DB9-4B0E-89A2-87F9E2C49DBB}"
EndProject
Global
	GlobalSection(SolutionConfigurationPlatforms) = preSolution
		Debug|Any CPU = Debug|Any CPU
		Release|Any CPU = Release|Any CPU
	EndGlobalSection
	GlobalSection(ProjectConfigurationPlatforms) = postSolution
		{A5B0D37A-5DB9-4B0E-89A2-87F9E2C49DBB}.Debug|Any CPU.ActiveCfg = Debug|Any CPU
		{A5B0D37A-5DB9-4B0E-89A2-87F9E2C49DBB}.Debug|Any CPU.Build.0 = Debug|Any CPU
		{A5B0D37A-5DB9-4B0E-89A2-87F9E2C49DBB}.Release|Any CPU.ActiveCfg = Release|Any CPU
		{A5B0D37A-5DB9-4B0E-89A2-87F9E2C49DBB}.Release|Any CPU.Build.0 = Release|Any CPU
	EndGlobalSection
	GlobalSection(SolutionProperties) = preSolution
		HideSolutionNode = FALSE
	EndGlobalSection
	GlobalSection(ExtensibilityGlobals) = postSolution
		SolutionGuid = {A8A68F3D-24B7-4952-BB4C-C4D47DE1C3EC}
	EndGlobalSection
EndGlobal
